
Microsoft Visual Studio Solution File, Format Version 12.00
# Visual Studio 15
VisualStudioVersion = 15.0.28010.2003
MinimumVisualStudioVersion = 10.0.40219.1
Project("{FAE04EC0-301F-11D3-BF4B-00C04F79EFBC}") = "Calculation_Mobile_App.Android", "Calculation_Mobile_App\Calculation_Mobile_App.Android\Calculation_Mobile_App.Android.csproj", "{C37287E7-5C30-4AB9-BD5B-AED6B70C95FC}"
EndProject
Project("{FAE04EC0-301F-11D3-BF4B-00C04F79EFBC}") = "Calculation_Mobile_App.iOS", "Calculation_Mobile_App\Calculation_Mobile_App.iOS\Calculation_Mobile_App.iOS.csproj", "{56D11855-C5D0-44E2-B22F-5C5B22CC80C6}"
EndProject
Project("{FAE04EC0-301F-11D3-BF4B-00C04F79EFBC}") = "Calculation_Mobile_App", "Calculation_Mobile_App\Calculation_Mobile_App\Calculation_Mobile_App.csproj", "{F453E8E7-7D05-4114-97B3-2FE568A315A0}"
EndProject
Global
	GlobalSection(SolutionConfigurationPlatforms) = preSolution
		Ad-Hoc|Any CPU = Ad-Hoc|Any CPU
		Ad-Hoc|iPhone = Ad-Hoc|iPhone
		Ad-Hoc|iPhoneSimulator = Ad-Hoc|iPhoneSimulator
		AppStore|Any CPU = AppStore|Any CPU
		AppStore|iPhone = AppStore|iPhone
		AppStore|iPhoneSimulator = AppStore|iPhoneSimulator
		Debug|Any CPU = Debug|Any CPU
		Debug|iPhone = Debug|iPhone
		Debug|iPhoneSimulator = Debug|iPhoneSimulator
		Release|Any CPU = Release|Any CPU
		Release|iPhone = Release|iPhone
		Release|iPhoneSimulator = Release|iPhoneSimulator
	EndGlobalSection
	GlobalSection(ProjectConfigurationPlatforms) = postSolution
		{C37287E7-5C30-4AB9-BD5B-AED6B70C95FC}.Ad-Hoc|Any CPU.ActiveCfg = Release|Any CPU
		{C37287E7-5C30-4AB9-BD5B-AED6B70C95FC}.Ad-Hoc|Any CPU.Build.0 = Release|Any CPU
		{C37287E7-5C30-4AB9-BD5B-AED6B70C95FC}.Ad-Hoc|Any CPU.Deploy.0 = Release|Any CPU
		{C37287E7-5C30-4AB9-BD5B-AED6B70C95FC}.Ad-Hoc|iPhone.ActiveCfg = Release|Any CPU
		{C37287E7-5C30-4AB9-BD5B-AED6B70C95FC}.Ad-Hoc|iPhone.Build.0 = Release|Any CPU
		{C37287E7-5C30-4AB9-BD5B-AED6B70C95FC}.Ad-Hoc|iPhone.Deploy.0 = Release|Any CPU
		{C37287E7-5C30-4AB9-BD5B-AED6B70C95FC}.Ad-Hoc|iPhoneSimulator.ActiveCfg = Release|Any CPU
		{C37287E7-5C30-4AB9-BD5B-AED6B70C95FC}.Ad-Hoc|iPhoneSimulator.Build.0 = Release|Any CPU
		{C37287E7-5C30-4AB9-BD5B-AED6B70C95FC}.Ad-Hoc|iPhoneSimulator.Deploy.0 = Release|Any CPU
		{C37287E7-5C30-4AB9-BD5B-AED6B70C95FC}.AppStore|Any CPU.ActiveCfg = Release|Any CPU
		{C37287E7-5C30-4AB9-BD5B-AED6B70C95FC}.AppStore|Any CPU.Build.0 = Release|Any CPU
		{C37287E7-5C30-4AB9-BD5B-AED6B70C95FC}.AppStore|Any CPU.Deploy.0 = Release|Any CPU
		{C37287E7-5C30-4AB9-BD5B-AED6B70C95FC}.AppStore|iPhone.ActiveCfg = Release|Any CPU
		{C37287E7-5C30-4AB9-BD5B-AED6B70C95FC}.AppStore|iPhone.Build.0 = Release|Any CPU
		{C37287E7-5C30-4AB9-BD5B-AED6B70C95FC}.AppStore|iPhone.Deploy.0 = Release|Any CPU
		{C37287E7-5C30-4AB9-BD5B-AED6B70C95FC}.AppStore|iPhoneSimulator.ActiveCfg = Release|Any CPU
		{C37287E7-5C30-4AB9-BD5B-AED6B70C95FC}.AppStore|iPhoneSimulator.Build.0 = Release|Any CPU
		{C37287E7-5C30-4AB9-BD5B-AED6B70C95FC}.AppStore|iPhoneSimulator.Deploy.0 = Release|Any CPU
		{C37287E7-5C30-4AB9-BD5B-AED6B70C95FC}.Debug|Any CPU.ActiveCfg = Debug|Any CPU
		{C37287E7-5C30-4AB9-BD5B-AED6B70C95FC}.Debug|Any CPU.Build.0 = Debug|Any CPU
		{C37287E7-5C30-4AB9-BD5B-AED6B70C95FC}.Debug|Any CPU.Deploy.0 = Debug|Any CPU
		{C37287E7-5C30-4AB9-BD5B-AED6B70C95FC}.Debug|iPhone.ActiveCfg = Debug|Any CPU
		{C37287E7-5C30-4AB9-BD5B-AED6B70C95FC}.Debug|iPhone.Build.0 = Debug|Any CPU
		{C37287E7-5C30-4AB9-BD5B-AED6B70C95FC}.Debug|iPhone.Deploy.0 = Debug|Any CPU
		{C37287E7-5C30-4AB9-BD5B-AED6B70C95FC}.Debug|iPhoneSimulator.ActiveCfg = Debug|Any CPU
		{C37287E7-5C30-4AB9-BD5B-AED6B70C95FC}.Debug|iPhoneSimulator.Build.0 = Debug|Any CPU
		{C37287E7-5C30-4AB9-BD5B-AED6B70C95FC}.Debug|iPhoneSimulator.Deploy.0 = Debug|Any CPU
		{C37287E7-5C30-4AB9-BD5B-AED6B70C95FC}.Release|Any CPU.ActiveCfg = Release|Any CPU
		{C37287E7-5C30-4AB9-BD5B-AED6B70C95FC}.Release|Any CPU.Build.0 = Release|Any CPU
		{C37287E7-5C30-4AB9-BD5B-AED6B70C95FC}.Release|Any CPU.Deploy.0 = Release|Any CPU
		{C37287E7-5C30-4AB9-BD5B-AED6B70C95FC}.Release|iPhone.ActiveCfg = Release|Any CPU
		{C37287E7-5C30-4AB9-BD5B-AED6B70C95FC}.Release|iPhone.Build.0 = Release|Any CPU
		{C37287E7-5C30-4AB9-BD5B-AED6B70C95FC}.Release|iPhone.Deploy.0 = Release|Any CPU
		{C37287E7-5C30-4AB9-BD5B-AED6B70C95FC}.Release|iPhoneSimulator.ActiveCfg = Release|Any CPU
		{C37287E7-5C30-4AB9-BD5B-AED6B70C95FC}.Release|iPhoneSimulator.Build.0 = Release|Any CPU
		{C37287E7-5C30-4AB9-BD5B-AED6B70C95FC}.Release|iPhoneSimulator.Deploy.0 = Release|Any CPU
		{56D11855-C5D0-44E2-B22F-5C5B22CC80C6}.Ad-Hoc|Any CPU.ActiveCfg = Ad-Hoc|iPhone
		{56D11855-C5D0-44E2-B22F-5C5B22CC80C6}.Ad-Hoc|iPhone.ActiveCfg = Ad-Hoc|iPhone
		{56D11855-C5D0-44E2-B22F-5C5B22CC80C6}.Ad-Hoc|iPhone.Build.0 = Ad-Hoc|iPhone
		{56D11855-C5D0-44E2-B22F-5C5B22CC80C6}.Ad-Hoc|iPhoneSimulator.ActiveCfg = Ad-Hoc|iPhoneSimulator
		{56D11855-C5D0-44E2-B22F-5C5B22CC80C6}.Ad-Hoc|iPhoneSimulator.Build.0 = Ad-Hoc|iPhoneSimulator
		{56D11855-C5D0-44E2-B22F-5C5B22CC80C6}.AppStore|Any CPU.ActiveCfg = AppStore|iPhone
		{56D11855-C5D0-44E2-B22F-5C5B22CC80C6}.AppStore|iPhone.ActiveCfg = AppStore|iPhone
		{56D11855-C5D0-44E2-B22F-5C5B22CC80C6}.AppStore|iPhone.Build.0 = AppStore|iPhone
		{56D11855-C5D0-44E2-B22F-5C5B22CC80C6}.AppStore|iPhoneSimulator.ActiveCfg = AppStore|iPhoneSimulator
		{56D11855-C5D0-44E2-B22F-5C5B22CC80C6}.AppStore|iPhoneSimulator.Build.0 = AppStore|iPhoneSimulator
		{56D11855-C5D0-44E2-B22F-5C5B22CC80C6}.Debug|Any CPU.ActiveCfg = Debug|iPhone
		{56D11855-C5D0-44E2-B22F-5C5B22CC80C6}.Debug|iPhone.ActiveCfg = Debug|iPhone
		{56D11855-C5D0-44E2-B22F-5C5B22CC80C6}.Debug|iPhone.Build.0 = Debug|iPhone
		{56D11855-C5D0-44E2-B22F-5C5B22CC80C6}.Debug|iPhoneSimulator.ActiveCfg = Debug|iPhoneSimulator
		{56D11855-C5D0-44E2-B22F-5C5B22CC80C6}.Debug|iPhoneSimulator.Build.0 = Debug|iPhoneSimulator
		{56D11855-C5D0-44E2-B22F-5C5B22CC80C6}.Release|Any CPU.ActiveCfg = Release|iPhone
		{56D11855-C5D0-44E2-B22F-5C5B22CC80C6}.Release|iPhone.ActiveCfg = Release|iPhone
		{56D11855-C5D0-44E2-B22F-5C5B22CC80C6}.Release|iPhone.Build.0 = Release|iPhone
		{56D11855-C5D0-44E2-B22F-5C5B22CC80C6}.Release|iPhoneSimulator.ActiveCfg = Release|iPhoneSimulator
		{56D11855-C5D0-44E2-B22F-5C5B22CC80C6}.Release|iPhoneSimulator.Build.0 = Release|iPhoneSimulator
		{F453E8E7-7D05-4114-97B3-2FE568A315A0}.Ad-Hoc|Any CPU.ActiveCfg = Debug|Any CPU
		{F453E8E7-7D05-4114-97B3-2FE568A315A0}.Ad-Hoc|Any CPU.Build.0 = Debug|Any CPU
		{F453E8E7-7D05-4114-97B3-2FE568A315A0}.Ad-Hoc|iPhone.ActiveCfg = Debug|Any CPU
		{F453E8E7-7D05-4114-97B3-2FE568A315A0}.Ad-Hoc|iPhone.Build.0 = Debug|Any CPU
		{F453E8E7-7D05-4114-97B3-2FE568A315A0}.Ad-Hoc|iPhoneSimulator.ActiveCfg = Debug|Any CPU
		{F453E8E7-7D05-4114-97B3-2FE568A315A0}.Ad-Hoc|iPhoneSimulator.Build.0 = Debug|Any CPU
		{F453E8E7-7D05-4114-97B3-2FE568A315A0}.AppStore|Any CPU.ActiveCfg = Debug|Any CPU
		{F453E8E7-7D05-4114-97B3-2FE568A315A0}.AppStore|Any CPU.Build.0 = Debug|Any CPU
		{F453E8E7-7D05-4114-97B3-2FE568A315A0}.AppStore|iPhone.ActiveCfg = Debug|Any CPU
		{F453E8E7-7D05-4114-97B3-2FE568A315A0}.AppStore|iPhone.Build.0 = Debug|Any CPU
		{F453E8E7-7D05-4114-97B3-2FE568A315A0}.AppStore|iPhoneSimulator.ActiveCfg = Debug|Any CPU
		{F453E8E7-7D05-4114-97B3-2FE568A315A0}.AppStore|iPhoneSimulator.Build.0 = Debug|Any CPU
		{F453E8E7-7D05-4114-97B3-2FE568A315A0}.Debug|Any CPU.ActiveCfg = Debug|Any CPU
		{F453E8E7-7D05-4114-97B3-2FE568A315A0}.Debug|Any CPU.Build.0 = Debug|Any CPU
		{F453E8E7-7D05-4114-97B3-2FE568A315A0}.Debug|iPhone.ActiveCfg = Debug|Any CPU
		{F453E8E7-7D05-4114-97B3-2FE568A315A0}.Debug|iPhone.Build.0 = Debug|Any CPU
		{F453E8E7-7D05-4114-97B3-2FE568A315A0}.Debug|iPhoneSimulator.ActiveCfg = Debug|Any CPU
		{F453E8E7-7D05-4114-97B3-2FE568A315A0}.Debug|iPhoneSimulator.Build.0 = Debug|Any CPU
		{F453E8E7-7D05-4114-97B3-2FE568A315A0}.Release|Any CPU.ActiveCfg = Release|Any CPU
		{F453E8E7-7D05-4114-97B3-2FE568A315A0}.Release|Any CPU.Build.0 = Release|Any CPU
		{F453E8E7-7D05-4114-97B3-2FE568A315A0}.Release|iPhone.ActiveCfg = Release|Any CPU
		{F453E8E7-7D05-4114-97B3-2FE568A315A0}.Release|iPhone.Build.0 = Release|Any CPU
		{F453E8E7-7D05-4114-97B3-2FE568A315A0}.Release|iPhoneSimulator.ActiveCfg = Release|Any CPU
		{F453E8E7-7D05-4114-97B3-2FE568A315A0}.Release|iPhoneSimulator.Build.0 = Release|Any CPU
	EndGlobalSection
	GlobalSection(SolutionProperties) = preSolution
		HideSolutionNode = FALSE
	EndGlobalSection
	GlobalSection(ExtensibilityGlobals) = postSolution
		SolutionGuid = {DB6BCB7E-F2D9-410C-84A3-5D55A3DF815A}
	EndGlobalSection
EndGlobal
